
Microsoft Visual Studio Solution File, Format Version 12.00
# Visual Studio Version 17
VisualStudioVersion = 17.13.35825.156 d17.13
MinimumVisualStudioVersion = 10.0.40219.1
Project("{FAE04EC0-301F-11D3-BF4B-00C04F79EFBC}") = "DiaFechaNacimineto", "DiaFechaNacimineto.csproj", "{8481CFD6-B9B0-47FB-9121-C0A1A86A7FE4}"
EndProject
Global
	GlobalSection(SolutionConfigurationPlatforms) = preSolution
		Debug|Any CPU = Debug|Any CPU
		Release|Any CPU = Release|Any CPU
	EndGlobalSection
	GlobalSection(ProjectConfigurationPlatforms) = postSolution
		{8481CFD6-B9B0-47FB-9121-C0A1A86A7FE4}.Debug|Any CPU.ActiveCfg = Debug|Any CPU
		{8481CFD6-B9B0-47FB-9121-C0A1A86A7FE4}.Debug|Any CPU.Build.0 = Debug|Any CPU
		{8481CFD6-B9B0-47FB-9121-C0A1A86A7FE4}.Release|Any CPU.ActiveCfg = Release|Any CPU
		{8481CFD6-B9B0-47FB-9121-C0A1A86A7FE4}.Release|Any CPU.Build.0 = Release|Any CPU
	EndGlobalSection
	GlobalSection(SolutionProperties) = preSolution
		HideSolutionNode = FALSE
	EndGlobalSection
	GlobalSection(ExtensibilityGlobals) = postSolution
		SolutionGuid = {AD5BCFC9-ECBE-40C2-8AB8-4F139E1A0627}
	EndGlobalSection
EndGlobal
